// !$*UTF8*$!
{
	archiveVersion = 1;
	classes = {
	};
	objectVersion = 55;
	objects = {

/* Begin PBXBuildFile section */
		2A5E923827B14C4500E6EC2B /* AppDelegate.swift in Sources */ = {isa = PBXBuildFile; fileRef = 2A5E923727B14C4500E6EC2B /* AppDelegate.swift */; };
		2A5E923A27B14C4500E6EC2B /* SceneDelegate.swift in Sources */ = {isa = PBXBuildFile; fileRef = 2A5E923927B14C4500E6EC2B /* SceneDelegate.swift */; };
		2A5E924127B14C4600E6EC2B /* Assets.xcassets in Resources */ = {isa = PBXBuildFile; fileRef = 2A5E924027B14C4600E6EC2B /* Assets.xcassets */; };
		2A5E924427B14C4600E6EC2B /* LaunchScreen.storyboard in Resources */ = {isa = PBXBuildFile; fileRef = 2A5E924227B14C4600E6EC2B /* LaunchScreen.storyboard */; };
		2A5E924F27B14C4600E6EC2B /* SampleMVPTests.swift in Sources */ = {isa = PBXBuildFile; fileRef = 2A5E924E27B14C4600E6EC2B /* SampleMVPTests.swift */; };
		2A5E925927B14C4600E6EC2B /* SampleMVPUITests.swift in Sources */ = {isa = PBXBuildFile; fileRef = 2A5E925827B14C4600E6EC2B /* SampleMVPUITests.swift */; };
		2A5E925B27B14C4600E6EC2B /* SampleMVPUITestsLaunchTests.swift in Sources */ = {isa = PBXBuildFile; fileRef = 2A5E925A27B14C4600E6EC2B /* SampleMVPUITestsLaunchTests.swift */; };
		2A5E926827B15B1900E6EC2B /* Router.swift in Sources */ = {isa = PBXBuildFile; fileRef = 2A5E926727B15B1900E6EC2B /* Router.swift */; };
		2A5E926A27B15CA400E6EC2B /* QiitaSearchViewController.swift in Sources */ = {isa = PBXBuildFile; fileRef = 2A5E926927B15CA400E6EC2B /* QiitaSearchViewController.swift */; };
		2A5E926C27B15CB200E6EC2B /* QiitaSearch.storyboard in Resources */ = {isa = PBXBuildFile; fileRef = 2A5E926B27B15CB200E6EC2B /* QiitaSearch.storyboard */; };
		2A5E926F27B15CE200E6EC2B /* Storyboard+.swift in Sources */ = {isa = PBXBuildFile; fileRef = 2A5E926E27B15CE200E6EC2B /* Storyboard+.swift */; };
/* End PBXBuildFile section */

/* Begin PBXContainerItemProxy section */
		2A5E924B27B14C4600E6EC2B /* PBXContainerItemProxy */ = {
			isa = PBXContainerItemProxy;
			containerPortal = 2A5E922C27B14C4500E6EC2B /* Project object */;
			proxyType = 1;
			remoteGlobalIDString = 2A5E923327B14C4500E6EC2B;
			remoteInfo = SampleMVP;
		};
		2A5E925527B14C4600E6EC2B /* PBXContainerItemProxy */ = {
			isa = PBXContainerItemProxy;
			containerPortal = 2A5E922C27B14C4500E6EC2B /* Project object */;
			proxyType = 1;
			remoteGlobalIDString = 2A5E923327B14C4500E6EC2B;
			remoteInfo = SampleMVP;
		};
/* End PBXContainerItemProxy section */

/* Begin PBXFileReference section */
		2A5E923427B14C4500E6EC2B /* SampleMVP.app */ = {isa = PBXFileReference; explicitFileType = wrapper.application; includeInIndex = 0; path = SampleMVP.app; sourceTree = BUILT_PRODUCTS_DIR; };
		2A5E923727B14C4500E6EC2B /* AppDelegate.swift */ = {isa = PBXFileReference; lastKnownFileType = sourcecode.swift; path = AppDelegate.swift; sourceTree = "<group>"; };
		2A5E923927B14C4500E6EC2B /* SceneDelegate.swift */ = {isa = PBXFileReference; lastKnownFileType = sourcecode.swift; path = SceneDelegate.swift; sourceTree = "<group>"; };
		2A5E924027B14C4600E6EC2B /* Assets.xcassets */ = {isa = PBXFileReference; lastKnownFileType = folder.assetcatalog; path = Assets.xcassets; sourceTree = "<group>"; };
		2A5E924327B14C4600E6EC2B /* Base */ = {isa = PBXFileReference; lastKnownFileType = file.storyboard; name = Base; path = Base.lproj/LaunchScreen.storyboard; sourceTree = "<group>"; };
		2A5E924527B14C4600E6EC2B /* Info.plist */ = {isa = PBXFileReference; lastKnownFileType = text.plist.xml; path = Info.plist; sourceTree = "<group>"; };
		2A5E924A27B14C4600E6EC2B /* SampleMVPTests.xctest */ = {isa = PBXFileReference; explicitFileType = wrapper.cfbundle; includeInIndex = 0; path = SampleMVPTests.xctest; sourceTree = BUILT_PRODUCTS_DIR; };
		2A5E924E27B14C4600E6EC2B /* SampleMVPTests.swift */ = {isa = PBXFileReference; lastKnownFileType = sourcecode.swift; path = SampleMVPTests.swift; sourceTree = "<group>"; };
		2A5E925427B14C4600E6EC2B /* SampleMVPUITests.xctest */ = {isa = PBXFileReference; explicitFileType = wrapper.cfbundle; includeInIndex = 0; path = SampleMVPUITests.xctest; sourceTree = BUILT_PRODUCTS_DIR; };
		2A5E925827B14C4600E6EC2B /* SampleMVPUITests.swift */ = {isa = PBXFileReference; lastKnownFileType = sourcecode.swift; path = SampleMVPUITests.swift; sourceTree = "<group>"; };
		2A5E925A27B14C4600E6EC2B /* SampleMVPUITestsLaunchTests.swift */ = {isa = PBXFileReference; lastKnownFileType = sourcecode.swift; path = SampleMVPUITestsLaunchTests.swift; sourceTree = "<group>"; };
		2A5E926727B15B1900E6EC2B /* Router.swift */ = {isa = PBXFileReference; lastKnownFileType = sourcecode.swift; path = Router.swift; sourceTree = "<group>"; };
		2A5E926927B15CA400E6EC2B /* QiitaSearchViewController.swift */ = {isa = PBXFileReference; lastKnownFileType = sourcecode.swift; path = QiitaSearchViewController.swift; sourceTree = "<group>"; };
		2A5E926B27B15CB200E6EC2B /* QiitaSearch.storyboard */ = {isa = PBXFileReference; lastKnownFileType = file.storyboard; path = QiitaSearch.storyboard; sourceTree = "<group>"; };
		2A5E926E27B15CE200E6EC2B /* Storyboard+.swift */ = {isa = PBXFileReference; lastKnownFileType = sourcecode.swift; path = "Storyboard+.swift"; sourceTree = "<group>"; };
/* End PBXFileReference section */

/* Begin PBXFrameworksBuildPhase section */
		2A5E923127B14C4500E6EC2B /* Frameworks */ = {
			isa = PBXFrameworksBuildPhase;
			buildActionMask = 2147483647;
			files = (
			);
			runOnlyForDeploymentPostprocessing = 0;
		};
		2A5E924727B14C4600E6EC2B /* Frameworks */ = {
			isa = PBXFrameworksBuildPhase;
			buildActionMask = 2147483647;
			files = (
			);
			runOnlyForDeploymentPostprocessing = 0;
		};
		2A5E925127B14C4600E6EC2B /* Frameworks */ = {
			isa = PBXFrameworksBuildPhase;
			buildActionMask = 2147483647;
			files = (
			);
			runOnlyForDeploymentPostprocessing = 0;
		};
/* End PBXFrameworksBuildPhase section */

/* Begin PBXGroup section */
		2A5E922B27B14C4500E6EC2B = {
			isa = PBXGroup;
			children = (
				2A5E923627B14C4500E6EC2B /* SampleMVP */,
				2A5E924D27B14C4600E6EC2B /* SampleMVPTests */,
				2A5E925727B14C4600E6EC2B /* SampleMVPUITests */,
				2A5E923527B14C4500E6EC2B /* Products */,
			);
			sourceTree = "<group>";
		};
		2A5E923527B14C4500E6EC2B /* Products */ = {
			isa = PBXGroup;
			children = (
				2A5E923427B14C4500E6EC2B /* SampleMVP.app */,
				2A5E924A27B14C4600E6EC2B /* SampleMVPTests.xctest */,
				2A5E925427B14C4600E6EC2B /* SampleMVPUITests.xctest */,
			);
			name = Products;
			sourceTree = "<group>";
		};
		2A5E923627B14C4500E6EC2B /* SampleMVP */ = {
			isa = PBXGroup;
			children = (
				2A5E923727B14C4500E6EC2B /* AppDelegate.swift */,
				2A5E923927B14C4500E6EC2B /* SceneDelegate.swift */,
				2A5E924027B14C4600E6EC2B /* Assets.xcassets */,
				2A5E924227B14C4600E6EC2B /* LaunchScreen.storyboard */,
				2A5E924527B14C4600E6EC2B /* Info.plist */,
				2A5E926D27B15CB600E6EC2B /* ViewController */,
				2A5E926727B15B1900E6EC2B /* Router.swift */,
				2A5E926E27B15CE200E6EC2B /* Storyboard+.swift */,
			);
			path = SampleMVP;
			sourceTree = "<group>";
		};
		2A5E924D27B14C4600E6EC2B /* SampleMVPTests */ = {
			isa = PBXGroup;
			children = (
				2A5E924E27B14C4600E6EC2B /* SampleMVPTests.swift */,
			);
			path = SampleMVPTests;
			sourceTree = "<group>";
		};
		2A5E925727B14C4600E6EC2B /* SampleMVPUITests */ = {
			isa = PBXGroup;
			children = (
				2A5E925827B14C4600E6EC2B /* SampleMVPUITests.swift */,
				2A5E925A27B14C4600E6EC2B /* SampleMVPUITestsLaunchTests.swift */,
			);
			path = SampleMVPUITests;
			sourceTree = "<group>";
		};
		2A5E926D27B15CB600E6EC2B /* ViewController */ = {
			isa = PBXGroup;
			children = (
				2A5E926927B15CA400E6EC2B /* QiitaSearchViewController.swift */,
				2A5E926B27B15CB200E6EC2B /* QiitaSearch.storyboard */,
			);
			path = ViewController;
			sourceTree = "<group>";
		};
/* End PBXGroup section */

/* Begin PBXNativeTarget section */
		2A5E923327B14C4500E6EC2B /* SampleMVP */ = {
			isa = PBXNativeTarget;
			buildConfigurationList = 2A5E925E27B14C4600E6EC2B /* Build configuration list for PBXNativeTarget "SampleMVP" */;
			buildPhases = (
				2A5E923027B14C4500E6EC2B /* Sources */,
				2A5E923127B14C4500E6EC2B /* Frameworks */,
				2A5E923227B14C4500E6EC2B /* Resources */,
			);
			buildRules = (
			);
			dependencies = (
			);
			name = SampleMVP;
			productName = SampleMVP;
			productReference = 2A5E923427B14C4500E6EC2B /* SampleMVP.app */;
			productType = "com.apple.product-type.application";
		};
		2A5E924927B14C4600E6EC2B /* SampleMVPTests */ = {
			isa = PBXNativeTarget;
			buildConfigurationList = 2A5E926127B14C4600E6EC2B /* Build configuration list for PBXNativeTarget "SampleMVPTests" */;
			buildPhases = (
				2A5E924627B14C4600E6EC2B /* Sources */,
				2A5E924727B14C4600E6EC2B /* Frameworks */,
				2A5E924827B14C4600E6EC2B /* Resources */,
			);
			buildRules = (
			);
			dependencies = (
				2A5E924C27B14C4600E6EC2B /* PBXTargetDependency */,
			);
			name = SampleMVPTests;
			productName = SampleMVPTests;
			productReference = 2A5E924A27B14C4600E6EC2B /* SampleMVPTests.xctest */;
			productType = "com.apple.product-type.bundle.unit-test";
		};
		2A5E925327B14C4600E6EC2B /* SampleMVPUITests */ = {
			isa = PBXNativeTarget;
			buildConfigurationList = 2A5E926427B14C4600E6EC2B /* Build configuration list for PBXNativeTarget "SampleMVPUITests" */;
			buildPhases = (
				2A5E925027B14C4600E6EC2B /* Sources */,
				2A5E925127B14C4600E6EC2B /* Frameworks */,
				2A5E925227B14C4600E6EC2B /* Resources */,
			);
			buildRules = (
			);
			dependencies = (
				2A5E925627B14C4600E6EC2B /* PBXTargetDependency */,
			);
			name = SampleMVPUITests;
			productName = SampleMVPUITests;
			productReference = 2A5E925427B14C4600E6EC2B /* SampleMVPUITests.xctest */;
			productType = "com.apple.product-type.bundle.ui-testing";
		};
/* End PBXNativeTarget section */

/* Begin PBXProject section */
		2A5E922C27B14C4500E6EC2B /* Project object */ = {
			isa = PBXProject;
			attributes = {
				BuildIndependentTargetsInParallel = 1;
				LastSwiftUpdateCheck = 1320;
				LastUpgradeCheck = 1320;
				TargetAttributes = {
					2A5E923327B14C4500E6EC2B = {
						CreatedOnToolsVersion = 13.2.1;
					};
					2A5E924927B14C4600E6EC2B = {
						CreatedOnToolsVersion = 13.2.1;
						TestTargetID = 2A5E923327B14C4500E6EC2B;
					};
					2A5E925327B14C4600E6EC2B = {
						CreatedOnToolsVersion = 13.2.1;
						TestTargetID = 2A5E923327B14C4500E6EC2B;
					};
				};
			};
			buildConfigurationList = 2A5E922F27B14C4500E6EC2B /* Build configuration list for PBXProject "SampleMVP" */;
			compatibilityVersion = "Xcode 13.0";
			developmentRegion = en;
			hasScannedForEncodings = 0;
			knownRegions = (
				en,
				Base,
			);
			mainGroup = 2A5E922B27B14C4500E6EC2B;
			productRefGroup = 2A5E923527B14C4500E6EC2B /* Products */;
			projectDirPath = "";
			projectRoot = "";
			targets = (
				2A5E923327B14C4500E6EC2B /* SampleMVP */,
				2A5E924927B14C4600E6EC2B /* SampleMVPTests */,
				2A5E925327B14C4600E6EC2B /* SampleMVPUITests */,
			);
		};
/* End PBXProject section */

/* Begin PBXResourcesBuildPhase section */
		2A5E923227B14C4500E6EC2B /* Resources */ = {
			isa = PBXResourcesBuildPhase;
			buildActionMask = 2147483647;
			files = (
				2A5E924427B14C4600E6EC2B /* LaunchScreen.storyboard in Resources */,
				2A5E924127B14C4600E6EC2B /* Assets.xcassets in Resources */,
				2A5E926C27B15CB200E6EC2B /* QiitaSearch.storyboard in Resources */,
			);
			runOnlyForDeploymentPostprocessing = 0;
		};
		2A5E924827B14C4600E6EC2B /* Resources */ = {
			isa = PBXResourcesBuildPhase;
			buildActionMask = 2147483647;
			files = (
			);
			runOnlyForDeploymentPostprocessing = 0;
		};
		2A5E925227B14C4600E6EC2B /* Resources */ = {
			isa = PBXResourcesBuildPhase;
			buildActionMask = 2147483647;
			files = (
			);
			runOnlyForDeploymentPostprocessing = 0;
		};
/* End PBXResourcesBuildPhase section */

/* Begin PBXSourcesBuildPhase section */
		2A5E923027B14C4500E6EC2B /* Sources */ = {
			isa = PBXSourcesBuildPhase;
			buildActionMask = 2147483647;
			files = (
				2A5E923827B14C4500E6EC2B /* AppDelegate.swift in Sources */,
				2A5E926827B15B1900E6EC2B /* Router.swift in Sources */,
				2A5E923A27B14C4500E6EC2B /* SceneDelegate.swift in Sources */,
				2A5E926F27B15CE200E6EC2B /* Storyboard+.swift in Sources */,
				2A5E926A27B15CA400E6EC2B /* QiitaSearchViewController.swift in Sources */,
			);
			runOnlyForDeploymentPostprocessing = 0;
		};
		2A5E924627B14C4600E6EC2B /* Sources */ = {
			isa = PBXSourcesBuildPhase;
			buildActionMask = 2147483647;
			files = (
				2A5E924F27B14C4600E6EC2B /* SampleMVPTests.swift in Sources */,
			);
			runOnlyForDeploymentPostprocessing = 0;
		};
		2A5E925027B14C4600E6EC2B /* Sources */ = {
			isa = PBXSourcesBuildPhase;
			buildActionMask = 2147483647;
			files = (
				2A5E925B27B14C4600E6EC2B /* SampleMVPUITestsLaunchTests.swift in Sources */,
				2A5E925927B14C4600E6EC2B /* SampleMVPUITests.swift in Sources */,
			);
			runOnlyForDeploymentPostprocessing = 0;
		};
/* End PBXSourcesBuildPhase section */

/* Begin PBXTargetDependency section */
		2A5E924C27B14C4600E6EC2B /* PBXTargetDependency */ = {
			isa = PBXTargetDependency;
			target = 2A5E923327B14C4500E6EC2B /* SampleMVP */;
			targetProxy = 2A5E924B27B14C4600E6EC2B /* PBXContainerItemProxy */;
		};
		2A5E925627B14C4600E6EC2B /* PBXTargetDependency */ = {
			isa = PBXTargetDependency;
			target = 2A5E923327B14C4500E6EC2B /* SampleMVP */;
			targetProxy = 2A5E925527B14C4600E6EC2B /* PBXContainerItemProxy */;
		};
/* End PBXTargetDependency section */

/* Begin PBXVariantGroup section */
		2A5E924227B14C4600E6EC2B /* LaunchScreen.storyboard */ = {
			isa = PBXVariantGroup;
			children = (
				2A5E924327B14C4600E6EC2B /* Base */,
			);
			name = LaunchScreen.storyboard;
			sourceTree = "<group>";
		};
/* End PBXVariantGroup section */

/* Begin XCBuildConfiguration section */
		2A5E925C27B14C4600E6EC2B /* Debug */ = {
			isa = XCBuildConfiguration;
			buildSettings = {
				ALWAYS_SEARCH_USER_PATHS = NO;
				CLANG_ANALYZER_NONNULL = YES;
				CLANG_ANALYZER_NUMBER_OBJECT_CONVERSION = YES_AGGRESSIVE;
				CLANG_CXX_LANGUAGE_STANDARD = "gnu++17";
				CLANG_CXX_LIBRARY = "libc++";
				CLANG_ENABLE_MODULES = YES;
				CLANG_ENABLE_OBJC_ARC = YES;
				CLANG_ENABLE_OBJC_WEAK = YES;
				CLANG_WARN_BLOCK_CAPTURE_AUTORELEASING = YES;
				CLANG_WARN_BOOL_CONVERSION = YES;
				CLANG_WARN_COMMA = YES;
				CLANG_WARN_CONSTANT_CONVERSION = YES;
				CLANG_WARN_DEPRECATED_OBJC_IMPLEMENTATIONS = YES;
				CLANG_WARN_DIRECT_OBJC_ISA_USAGE = YES_ERROR;
				CLANG_WARN_DOCUMENTATION_COMMENTS = YES;
				CLANG_WARN_EMPTY_BODY = YES;
				CLANG_WARN_ENUM_CONVERSION = YES;
				CLANG_WARN_INFINITE_RECURSION = YES;
				CLANG_WARN_INT_CONVERSION = YES;
				CLANG_WARN_NON_LITERAL_NULL_CONVERSION = YES;
				CLANG_WARN_OBJC_IMPLICIT_RETAIN_SELF = YES;
				CLANG_WARN_OBJC_LITERAL_CONVERSION = YES;
				CLANG_WARN_OBJC_ROOT_CLASS = YES_ERROR;
				CLANG_WARN_QUOTED_INCLUDE_IN_FRAMEWORK_HEADER = YES;
				CLANG_WARN_RANGE_LOOP_ANALYSIS = YES;
				CLANG_WARN_STRICT_PROTOTYPES = YES;
				CLANG_WARN_SUSPICIOUS_MOVE = YES;
				CLANG_WARN_UNGUARDED_AVAILABILITY = YES_AGGRESSIVE;
				CLANG_WARN_UNREACHABLE_CODE = YES;
				CLANG_WARN__DUPLICATE_METHOD_MATCH = YES;
				COPY_PHASE_STRIP = NO;
				DEBUG_INFORMATION_FORMAT = dwarf;
				ENABLE_STRICT_OBJC_MSGSEND = YES;
				ENABLE_TESTABILITY = YES;
				GCC_C_LANGUAGE_STANDARD = gnu11;
				GCC_DYNAMIC_NO_PIC = NO;
				GCC_NO_COMMON_BLOCKS = YES;
				GCC_OPTIMIZATION_LEVEL = 0;
				GCC_PREPROCESSOR_DEFINITIONS = (
					"DEBUG=1",
					"$(inherited)",
				);
				GCC_WARN_64_TO_32_BIT_CONVERSION = YES;
				GCC_WARN_ABOUT_RETURN_TYPE = YES_ERROR;
				GCC_WARN_UNDECLARED_SELECTOR = YES;
				GCC_WARN_UNINITIALIZED_AUTOS = YES_AGGRESSIVE;
				GCC_WARN_UNUSED_FUNCTION = YES;
				GCC_WARN_UNUSED_VARIABLE = YES;
				IPHONEOS_DEPLOYMENT_TARGET = 15.2;
				MTL_ENABLE_DEBUG_INFO = INCLUDE_SOURCE;
				MTL_FAST_MATH = YES;
				ONLY_ACTIVE_ARCH = YES;
				SDKROOT = iphoneos;
				SWIFT_ACTIVE_COMPILATION_CONDITIONS = DEBUG;
				SWIFT_OPTIMIZATION_LEVEL = "-Onone";
			};
			name = Debug;
		};
		2A5E925D27B14C4600E6EC2B /* Release */ = {
			isa = XCBuildConfiguration;
			buildSettings = {
				ALWAYS_SEARCH_USER_PATHS = NO;
				CLANG_ANALYZER_NONNULL = YES;
				CLANG_ANALYZER_NUMBER_OBJECT_CONVERSION = YES_AGGRESSIVE;
				CLANG_CXX_LANGUAGE_STANDARD = "gnu++17";
				CLANG_CXX_LIBRARY = "libc++";
				CLANG_ENABLE_MODULES = YES;
				CLANG_ENABLE_OBJC_ARC = YES;
				CLANG_ENABLE_OBJC_WEAK = YES;
				CLANG_WARN_BLOCK_CAPTURE_AUTORELEASING = YES;
				CLANG_WARN_BOOL_CONVERSION = YES;
				CLANG_WARN_COMMA = YES;
				CLANG_WARN_CONSTANT_CONVERSION = YES;
				CLANG_WARN_DEPRECATED_OBJC_IMPLEMENTATIONS = YES;
				CLANG_WARN_DIRECT_OBJC_ISA_USAGE = YES_ERROR;
				CLANG_WARN_DOCUMENTATION_COMMENTS = YES;
				CLANG_WARN_EMPTY_BODY = YES;
				CLANG_WARN_ENUM_CONVERSION = YES;
				CLANG_WARN_INFINITE_RECURSION = YES;
				CLANG_WARN_INT_CONVERSION = YES;
				CLANG_WARN_NON_LITERAL_NULL_CONVERSION = YES;
				CLANG_WARN_OBJC_IMPLICIT_RETAIN_SELF = YES;
				CLANG_WARN_OBJC_LITERAL_CONVERSION = YES;
				CLANG_WARN_OBJC_ROOT_CLASS = YES_ERROR;
				CLANG_WARN_QUOTED_INCLUDE_IN_FRAMEWORK_HEADER = YES;
				CLANG_WARN_RANGE_LOOP_ANALYSIS = YES;
				CLANG_WARN_STRICT_PROTOTYPES = YES;
				CLANG_WARN_SUSPICIOUS_MOVE = YES;
				CLANG_WARN_UNGUARDED_AVAILABILITY = YES_AGGRESSIVE;
				CLANG_WARN_UNREACHABLE_CODE = YES;
				CLANG_WARN__DUPLICATE_METHOD_MATCH = YES;
				COPY_PHASE_STRIP = NO;
				DEBUG_INFORMATION_FORMAT = "dwarf-with-dsym";
				ENABLE_NS_ASSERTIONS = NO;
				ENABLE_STRICT_OBJC_MSGSEND = YES;
				GCC_C_LANGUAGE_STANDARD = gnu11;
				GCC_NO_COMMON_BLOCKS = YES;
				GCC_WARN_64_TO_32_BIT_CONVERSION = YES;
				GCC_WARN_ABOUT_RETURN_TYPE = YES_ERROR;
				GCC_WARN_UNDECLARED_SELECTOR = YES;
				GCC_WARN_UNINITIALIZED_AUTOS = YES_AGGRESSIVE;
				GCC_WARN_UNUSED_FUNCTION = YES;
				GCC_WARN_UNUSED_VARIABLE = YES;
				IPHONEOS_DEPLOYMENT_TARGET = 15.2;
				MTL_ENABLE_DEBUG_INFO = NO;
				MTL_FAST_MATH = YES;
				SDKROOT = iphoneos;
				SWIFT_COMPILATION_MODE = wholemodule;
				SWIFT_OPTIMIZATION_LEVEL = "-O";
				VALIDATE_PRODUCT = YES;
			};
			name = Release;
		};
		2A5E925F27B14C4600E6EC2B /* Debug */ = {
			isa = XCBuildConfiguration;
			buildSettings = {
				ASSETCATALOG_COMPILER_APPICON_NAME = AppIcon;
				ASSETCATALOG_COMPILER_GLOBAL_ACCENT_COLOR_NAME = AccentColor;
				CODE_SIGN_STYLE = Automatic;
				CURRENT_PROJECT_VERSION = 1;
				DEVELOPMENT_TEAM = BGM5JPJHA4;
				GENERATE_INFOPLIST_FILE = YES;
				INFOPLIST_FILE = SampleMVP/Info.plist;
				INFOPLIST_KEY_UIApplicationSupportsIndirectInputEvents = YES;
				INFOPLIST_KEY_UILaunchStoryboardName = LaunchScreen;
				INFOPLIST_KEY_UISupportedInterfaceOrientations_iPad = "UIInterfaceOrientationPortrait UIInterfaceOrientationPortraitUpsideDown UIInterfaceOrientationLandscapeLeft UIInterfaceOrientationLandscapeRight";
				INFOPLIST_KEY_UISupportedInterfaceOrientations_iPhone = "UIInterfaceOrientationPortrait UIInterfaceOrientationLandscapeLeft UIInterfaceOrientationLandscapeRight";
				LD_RUNPATH_SEARCH_PATHS = (
					"$(inherited)",
					"@executable_path/Frameworks",
				);
				MARKETING_VERSION = 1.0;
				PRODUCT_BUNDLE_IDENTIFIER = com.gmail.basebasketball0607.SampleMVP;
				PRODUCT_NAME = "$(TARGET_NAME)";
				SWIFT_EMIT_LOC_STRINGS = YES;
				SWIFT_VERSION = 5.0;
				TARGETED_DEVICE_FAMILY = "1,2";
			};
			name = Debug;
		};
		2A5E926027B14C4600E6EC2B /* Release */ = {
			isa = XCBuildConfiguration;
			buildSettings = {
				ASSETCATALOG_COMPILER_APPICON_NAME = AppIcon;
				ASSETCATALOG_COMPILER_GLOBAL_ACCENT_COLOR_NAME = AccentColor;
				CODE_SIGN_STYLE = Automatic;
				CURRENT_PROJECT_VERSION = 1;
				DEVELOPMENT_TEAM = BGM5JPJHA4;
				GENERATE_INFOPLIST_FILE = YES;
				INFOPLIST_FILE = SampleMVP/Info.plist;
				INFOPLIST_KEY_UIApplicationSupportsIndirectInputEvents = YES;
				INFOPLIST_KEY_UILaunchStoryboardName = LaunchScreen;
				INFOPLIST_KEY_UISupportedInterfaceOrientations_iPad = "UIInterfaceOrientationPortrait UIInterfaceOrientationPortraitUpsideDown UIInterfaceOrientationLandscapeLeft UIInterfaceOrientationLandscapeRight";
				INFOPLIST_KEY_UISupportedInterfaceOrientations_iPhone = "UIInterfaceOrientationPortrait UIInterfaceOrientationLandscapeLeft UIInterfaceOrientationLandscapeRight";
				LD_RUNPATH_SEARCH_PATHS = (
					"$(inherited)",
					"@executable_path/Frameworks",
				);
				MARKETING_VERSION = 1.0;
				PRODUCT_BUNDLE_IDENTIFIER = com.gmail.basebasketball0607.SampleMVP;
				PRODUCT_NAME = "$(TARGET_NAME)";
				SWIFT_EMIT_LOC_STRINGS = YES;
				SWIFT_VERSION = 5.0;
				TARGETED_DEVICE_FAMILY = "1,2";
			};
			name = Release;
		};
		2A5E926227B14C4600E6EC2B /* Debug */ = {
			isa = XCBuildConfiguration;
			buildSettings = {
				ALWAYS_EMBED_SWIFT_STANDARD_LIBRARIES = YES;
				BUNDLE_LOADER = "$(TEST_HOST)";
				CODE_SIGN_STYLE = Automatic;
				CURRENT_PROJECT_VERSION = 1;
				DEVELOPMENT_TEAM = BGM5JPJHA4;
				GENERATE_INFOPLIST_FILE = YES;
				IPHONEOS_DEPLOYMENT_TARGET = 15.2;
				MARKETING_VERSION = 1.0;
				PRODUCT_BUNDLE_IDENTIFIER = com.gmail.basebasketball0607.SampleMVPTests;
				PRODUCT_NAME = "$(TARGET_NAME)";
				SWIFT_EMIT_LOC_STRINGS = NO;
				SWIFT_VERSION = 5.0;
				TARGETED_DEVICE_FAMILY = "1,2";
				TEST_HOST = "$(BUILT_PRODUCTS_DIR)/SampleMVP.app/SampleMVP";
			};
			name = Debug;
		};
		2A5E926327B14C4600E6EC2B /* Release */ = {
			isa = XCBuildConfiguration;
			buildSettings = {
				ALWAYS_EMBED_SWIFT_STANDARD_LIBRARIES = YES;
				BUNDLE_LOADER = "$(TEST_HOST)";
				CODE_SIGN_STYLE = Automatic;
				CURRENT_PROJECT_VERSION = 1;
				DEVELOPMENT_TEAM = BGM5JPJHA4;
				GENERATE_INFOPLIST_FILE = YES;
				IPHONEOS_DEPLOYMENT_TARGET = 15.2;
				MARKETING_VERSION = 1.0;
				PRODUCT_BUNDLE_IDENTIFIER = com.gmail.basebasketball0607.SampleMVPTests;
				PRODUCT_NAME = "$(TARGET_NAME)";
				SWIFT_EMIT_LOC_STRINGS = NO;
				SWIFT_VERSION = 5.0;
				TARGETED_DEVICE_FAMILY = "1,2";
				TEST_HOST = "$(BUILT_PRODUCTS_DIR)/SampleMVP.app/SampleMVP";
			};
			name = Release;
		};
		2A5E926527B14C4600E6EC2B /* Debug */ = {
			isa = XCBuildConfiguration;
			buildSettings = {
				ALWAYS_EMBED_SWIFT_STANDARD_LIBRARIES = YES;
				CODE_SIGN_STYLE = Automatic;
				CURRENT_PROJECT_VERSION = 1;
				DEVELOPMENT_TEAM = BGM5JPJHA4;
				GENERATE_INFOPLIST_FILE = YES;
				MARKETING_VERSION = 1.0;
				PRODUCT_BUNDLE_IDENTIFIER = com.gmail.basebasketball0607.SampleMVPUITests;
				PRODUCT_NAME = "$(TARGET_NAME)";
				SWIFT_EMIT_LOC_STRINGS = NO;
				SWIFT_VERSION = 5.0;
				TARGETED_DEVICE_FAMILY = "1,2";
				TEST_TARGET_NAME = SampleMVP;
			};
			name = Debug;
		};
		2A5E926627B14C4600E6EC2B /* Release */ = {
			isa = XCBuildConfiguration;
			buildSettings = {
				ALWAYS_EMBED_SWIFT_STANDARD_LIBRARIES = YES;
				CODE_SIGN_STYLE = Automatic;
				CURRENT_PROJECT_VERSION = 1;
				DEVELOPMENT_TEAM = BGM5JPJHA4;
				GENERATE_INFOPLIST_FILE = YES;
				MARKETING_VERSION = 1.0;
				PRODUCT_BUNDLE_IDENTIFIER = com.gmail.basebasketball0607.SampleMVPUITests;
				PRODUCT_NAME = "$(TARGET_NAME)";
				SWIFT_EMIT_LOC_STRINGS = NO;
				SWIFT_VERSION = 5.0;
				TARGETED_DEVICE_FAMILY = "1,2";
				TEST_TARGET_NAME = SampleMVP;
			};
			name = Release;
		};
/* End XCBuildConfiguration section */

/* Begin XCConfigurationList section */
		2A5E922F27B14C4500E6EC2B /* Build configuration list for PBXProject "SampleMVP" */ = {
			isa = XCConfigurationList;
			buildConfigurations = (
				2A5E925C27B14C4600E6EC2B /* Debug */,
				2A5E925D27B14C4600E6EC2B /* Release */,
			);
			defaultConfigurationIsVisible = 0;
			defaultConfigurationName = Release;
		};
		2A5E925E27B14C4600E6EC2B /* Build configuration list for PBXNativeTarget "SampleMVP" */ = {
			isa = XCConfigurationList;
			buildConfigurations = (
				2A5E925F27B14C4600E6EC2B /* Debug */,
				2A5E926027B14C4600E6EC2B /* Release */,
			);
			defaultConfigurationIsVisible = 0;
			defaultConfigurationName = Release;
		};
		2A5E926127B14C4600E6EC2B /* Build configuration list for PBXNativeTarget "SampleMVPTests" */ = {
			isa = XCConfigurationList;
			buildConfigurations = (
				2A5E926227B14C4600E6EC2B /* Debug */,
				2A5E926327B14C4600E6EC2B /* Release */,
			);
			defaultConfigurationIsVisible = 0;
			defaultConfigurationName = Release;
		};
		2A5E926427B14C4600E6EC2B /* Build configuration list for PBXNativeTarget "SampleMVPUITests" */ = {
			isa = XCConfigurationList;
			buildConfigurations = (
				2A5E926527B14C4600E6EC2B /* Debug */,
				2A5E926627B14C4600E6EC2B /* Release */,
			);
			defaultConfigurationIsVisible = 0;
			defaultConfigurationName = Release;
		};
/* End XCConfigurationList section */
	};
	rootObject = 2A5E922C27B14C4500E6EC2B /* Project object */;
}
